// !$*UTF8*$!
{
	archiveVersion = 1;
	classes = {
	};
	objectVersion = 50;
	objects = {

/* Begin PBXBuildFile section */
		E94F5A00224AE707001C4A4C /* AppDelegate.swift in Sources */ = {isa = PBXBuildFile; fileRef = E94F59FF224AE707001C4A4C /* AppDelegate.swift */; };
		E94F5A02224AE707001C4A4C /* RootViewController.swift in Sources */ = {isa = PBXBuildFile; fileRef = E94F5A01224AE707001C4A4C /* RootViewController.swift */; };
		E94F5A05224AE707001C4A4C /* Main.storyboard in Resources */ = {isa = PBXBuildFile; fileRef = E94F5A03224AE707001C4A4C /* Main.storyboard */; };
		E94F5A0A224AE709001C4A4C /* Assets.xcassets in Resources */ = {isa = PBXBuildFile; fileRef = E94F5A09224AE709001C4A4C /* Assets.xcassets */; };
		E94F5A0D224AE709001C4A4C /* LaunchScreen.storyboard in Resources */ = {isa = PBXBuildFile; fileRef = E94F5A0B224AE709001C4A4C /* LaunchScreen.storyboard */; };
		E94F5A18224AE709001C4A4C /* RainstormTests.swift in Sources */ = {isa = PBXBuildFile; fileRef = E94F5A17224AE709001C4A4C /* RainstormTests.swift */; };
		E94F5A23224AE709001C4A4C /* RainstormUITests.swift in Sources */ = {isa = PBXBuildFile; fileRef = E94F5A22224AE709001C4A4C /* RainstormUITests.swift */; };
		E9F2AE61224AFB080049BF06 /* DayViewController.swift in Sources */ = {isa = PBXBuildFile; fileRef = E9F2AE60224AFB080049BF06 /* DayViewController.swift */; };
		E9F2AE64224AFBAB0049BF06 /* WeekViewController.swift in Sources */ = {isa = PBXBuildFile; fileRef = E9F2AE63224AFBAB0049BF06 /* WeekViewController.swift */; };
		E9F2AE67224AFCB00049BF06 /* UIViewController.swift in Sources */ = {isa = PBXBuildFile; fileRef = E9F2AE66224AFCB00049BF06 /* UIViewController.swift */; };
		E9F2AE69224AFD580049BF06 /* UIStoryboard.swift in Sources */ = {isa = PBXBuildFile; fileRef = E9F2AE68224AFD580049BF06 /* UIStoryboard.swift */; };
/* End PBXBuildFile section */

/* Begin PBXContainerItemProxy section */
		E94F5A14224AE709001C4A4C /* PBXContainerItemProxy */ = {
			isa = PBXContainerItemProxy;
			containerPortal = E94F59F4224AE707001C4A4C /* Project object */;
			proxyType = 1;
			remoteGlobalIDString = E94F59FB224AE707001C4A4C;
			remoteInfo = Rainstorm;
		};
		E94F5A1F224AE709001C4A4C /* PBXContainerItemProxy */ = {
			isa = PBXContainerItemProxy;
			containerPortal = E94F59F4224AE707001C4A4C /* Project object */;
			proxyType = 1;
			remoteGlobalIDString = E94F59FB224AE707001C4A4C;
			remoteInfo = Rainstorm;
		};
/* End PBXContainerItemProxy section */

/* Begin PBXFileReference section */
		E94F59FC224AE707001C4A4C /* Rainstorm.app */ = {isa = PBXFileReference; explicitFileType = wrapper.application; includeInIndex = 0; path = Rainstorm.app; sourceTree = BUILT_PRODUCTS_DIR; };
		E94F59FF224AE707001C4A4C /* AppDelegate.swift */ = {isa = PBXFileReference; lastKnownFileType = sourcecode.swift; path = AppDelegate.swift; sourceTree = "<group>"; };
		E94F5A01224AE707001C4A4C /* RootViewController.swift */ = {isa = PBXFileReference; lastKnownFileType = sourcecode.swift; path = RootViewController.swift; sourceTree = "<group>"; };
		E94F5A04224AE707001C4A4C /* Base */ = {isa = PBXFileReference; lastKnownFileType = file.storyboard; name = Base; path = Base.lproj/Main.storyboard; sourceTree = "<group>"; };
		E94F5A09224AE709001C4A4C /* Assets.xcassets */ = {isa = PBXFileReference; lastKnownFileType = folder.assetcatalog; path = Assets.xcassets; sourceTree = "<group>"; };
		E94F5A0C224AE709001C4A4C /* Base */ = {isa = PBXFileReference; lastKnownFileType = file.storyboard; name = Base; path = Base.lproj/LaunchScreen.storyboard; sourceTree = "<group>"; };
		E94F5A0E224AE709001C4A4C /* Info.plist */ = {isa = PBXFileReference; lastKnownFileType = text.plist.xml; path = Info.plist; sourceTree = "<group>"; };
		E94F5A13224AE709001C4A4C /* RainstormTests.xctest */ = {isa = PBXFileReference; explicitFileType = wrapper.cfbundle; includeInIndex = 0; path = RainstormTests.xctest; sourceTree = BUILT_PRODUCTS_DIR; };
		E94F5A17224AE709001C4A4C /* RainstormTests.swift */ = {isa = PBXFileReference; lastKnownFileType = sourcecode.swift; path = RainstormTests.swift; sourceTree = "<group>"; };
		E94F5A19224AE709001C4A4C /* Info.plist */ = {isa = PBXFileReference; lastKnownFileType = text.plist.xml; path = Info.plist; sourceTree = "<group>"; };
		E94F5A1E224AE709001C4A4C /* RainstormUITests.xctest */ = {isa = PBXFileReference; explicitFileType = wrapper.cfbundle; includeInIndex = 0; path = RainstormUITests.xctest; sourceTree = BUILT_PRODUCTS_DIR; };
		E94F5A22224AE709001C4A4C /* RainstormUITests.swift */ = {isa = PBXFileReference; lastKnownFileType = sourcecode.swift; path = RainstormUITests.swift; sourceTree = "<group>"; };
		E94F5A24224AE709001C4A4C /* Info.plist */ = {isa = PBXFileReference; lastKnownFileType = text.plist.xml; path = Info.plist; sourceTree = "<group>"; };
		E9F2AE60224AFB080049BF06 /* DayViewController.swift */ = {isa = PBXFileReference; lastKnownFileType = sourcecode.swift; path = DayViewController.swift; sourceTree = "<group>"; };
		E9F2AE63224AFBAB0049BF06 /* WeekViewController.swift */ = {isa = PBXFileReference; lastKnownFileType = sourcecode.swift; path = WeekViewController.swift; sourceTree = "<group>"; };
		E9F2AE66224AFCB00049BF06 /* UIViewController.swift */ = {isa = PBXFileReference; lastKnownFileType = sourcecode.swift; path = UIViewController.swift; sourceTree = "<group>"; };
		E9F2AE68224AFD580049BF06 /* UIStoryboard.swift */ = {isa = PBXFileReference; lastKnownFileType = sourcecode.swift; path = UIStoryboard.swift; sourceTree = "<group>"; };
/* End PBXFileReference section */

/* Begin PBXFrameworksBuildPhase section */
		E94F59F9224AE707001C4A4C /* Frameworks */ = {
			isa = PBXFrameworksBuildPhase;
			buildActionMask = 2147483647;
			files = (
			);
			runOnlyForDeploymentPostprocessing = 0;
		};
		E94F5A10224AE709001C4A4C /* Frameworks */ = {
			isa = PBXFrameworksBuildPhase;
			buildActionMask = 2147483647;
			files = (
			);
			runOnlyForDeploymentPostprocessing = 0;
		};
		E94F5A1B224AE709001C4A4C /* Frameworks */ = {
			isa = PBXFrameworksBuildPhase;
			buildActionMask = 2147483647;
			files = (
			);
			runOnlyForDeploymentPostprocessing = 0;
		};
/* End PBXFrameworksBuildPhase section */

/* Begin PBXGroup section */
		E94F59F3224AE707001C4A4C = {
			isa = PBXGroup;
			children = (
				E94F59FE224AE707001C4A4C /* Rainstorm */,
				E94F5A16224AE709001C4A4C /* RainstormTests */,
				E94F5A21224AE709001C4A4C /* RainstormUITests */,
				E94F59FD224AE707001C4A4C /* Products */,
			);
			sourceTree = "<group>";
		};
		E94F59FD224AE707001C4A4C /* Products */ = {
			isa = PBXGroup;
			children = (
				E94F59FC224AE707001C4A4C /* Rainstorm.app */,
				E94F5A13224AE709001C4A4C /* RainstormTests.xctest */,
				E94F5A1E224AE709001C4A4C /* RainstormUITests.xctest */,
			);
			name = Products;
			sourceTree = "<group>";
		};
		E94F59FE224AE707001C4A4C /* Rainstorm */ = {
			isa = PBXGroup;
			children = (
				E9F2AE65224AFCA30049BF06 /* Extensions */,
				E94F5A30224AE762001C4A4C /* Application Delegate */,
				E94F5A35224AE87C001C4A4C /* Supporting Files */,
				E94F5A34224AE862001C4A4C /* Resources */,
				E94F5A33224AE857001C4A4C /* Storyboards */,
				E94F5A31224AE7A4001C4A4C /* View Controllers */,
			);
			path = Rainstorm;
			sourceTree = "<group>";
		};
		E94F5A16224AE709001C4A4C /* RainstormTests */ = {
			isa = PBXGroup;
			children = (
				E94F5A17224AE709001C4A4C /* RainstormTests.swift */,
				E94F5A19224AE709001C4A4C /* Info.plist */,
			);
			path = RainstormTests;
			sourceTree = "<group>";
		};
		E94F5A21224AE709001C4A4C /* RainstormUITests */ = {
			isa = PBXGroup;
			children = (
				E94F5A22224AE709001C4A4C /* RainstormUITests.swift */,
				E94F5A24224AE709001C4A4C /* Info.plist */,
			);
			path = RainstormUITests;
			sourceTree = "<group>";
		};
		E94F5A30224AE762001C4A4C /* Application Delegate */ = {
			isa = PBXGroup;
			children = (
				E94F59FF224AE707001C4A4C /* AppDelegate.swift */,
			);
			path = "Application Delegate";
			sourceTree = "<group>";
		};
		E94F5A31224AE7A4001C4A4C /* View Controllers */ = {
			isa = PBXGroup;
			children = (
				E94F5A32224AE7CD001C4A4C /* Root View Controller */,
				E9F2AE5E224AFABF0049BF06 /* Weather View Controllers */,
			);
			path = "View Controllers";
			sourceTree = "<group>";
		};
		E94F5A32224AE7CD001C4A4C /* Root View Controller */ = {
			isa = PBXGroup;
			children = (
				E94F5A01224AE707001C4A4C /* RootViewController.swift */,
			);
			path = "Root View Controller";
			sourceTree = "<group>";
		};
		E94F5A33224AE857001C4A4C /* Storyboards */ = {
			isa = PBXGroup;
			children = (
				E94F5A03224AE707001C4A4C /* Main.storyboard */,
				E94F5A0B224AE709001C4A4C /* LaunchScreen.storyboard */,
			);
			path = Storyboards;
			sourceTree = "<group>";
		};
		E94F5A34224AE862001C4A4C /* Resources */ = {
			isa = PBXGroup;
			children = (
				E94F5A09224AE709001C4A4C /* Assets.xcassets */,
			);
			path = Resources;
			sourceTree = "<group>";
		};
		E94F5A35224AE87C001C4A4C /* Supporting Files */ = {
			isa = PBXGroup;
			children = (
				E94F5A0E224AE709001C4A4C /* Info.plist */,
			);
			path = "Supporting Files";
			sourceTree = "<group>";
		};
		E9F2AE5E224AFABF0049BF06 /* Weather View Controllers */ = {
			isa = PBXGroup;
			children = (
				E9F2AE62224AFB9C0049BF06 /* Week View Controller */,
				E9F2AE5F224AFACF0049BF06 /* Day View Controller */,
			);
			path = "Weather View Controllers";
			sourceTree = "<group>";
		};
		E9F2AE5F224AFACF0049BF06 /* Day View Controller */ = {
			isa = PBXGroup;
			children = (
				E9F2AE60224AFB080049BF06 /* DayViewController.swift */,
			);
			path = "Day View Controller";
			sourceTree = "<group>";
		};
		E9F2AE62224AFB9C0049BF06 /* Week View Controller */ = {
			isa = PBXGroup;
			children = (
				E9F2AE63224AFBAB0049BF06 /* WeekViewController.swift */,
			);
			path = "Week View Controller";
			sourceTree = "<group>";
		};
		E9F2AE65224AFCA30049BF06 /* Extensions */ = {
			isa = PBXGroup;
			children = (
				E9F2AE66224AFCB00049BF06 /* UIViewController.swift */,
				E9F2AE68224AFD580049BF06 /* UIStoryboard.swift */,
			);
			path = Extensions;
			sourceTree = "<group>";
		};
/* End PBXGroup section */

/* Begin PBXNativeTarget section */
		E94F59FB224AE707001C4A4C /* Rainstorm */ = {
			isa = PBXNativeTarget;
			buildConfigurationList = E94F5A27224AE709001C4A4C /* Build configuration list for PBXNativeTarget "Rainstorm" */;
			buildPhases = (
				E94F59F8224AE707001C4A4C /* Sources */,
				E94F59F9224AE707001C4A4C /* Frameworks */,
				E94F59FA224AE707001C4A4C /* Resources */,
			);
			buildRules = (
			);
			dependencies = (
			);
			name = Rainstorm;
			productName = Rainstorm;
			productReference = E94F59FC224AE707001C4A4C /* Rainstorm.app */;
			productType = "com.apple.product-type.application";
		};
		E94F5A12224AE709001C4A4C /* RainstormTests */ = {
			isa = PBXNativeTarget;
			buildConfigurationList = E94F5A2A224AE709001C4A4C /* Build configuration list for PBXNativeTarget "RainstormTests" */;
			buildPhases = (
				E94F5A0F224AE709001C4A4C /* Sources */,
				E94F5A10224AE709001C4A4C /* Frameworks */,
				E94F5A11224AE709001C4A4C /* Resources */,
			);
			buildRules = (
			);
			dependencies = (
				E94F5A15224AE709001C4A4C /* PBXTargetDependency */,
			);
			name = RainstormTests;
			productName = RainstormTests;
			productReference = E94F5A13224AE709001C4A4C /* RainstormTests.xctest */;
			productType = "com.apple.product-type.bundle.unit-test";
		};
		E94F5A1D224AE709001C4A4C /* RainstormUITests */ = {
			isa = PBXNativeTarget;
			buildConfigurationList = E94F5A2D224AE709001C4A4C /* Build configuration list for PBXNativeTarget "RainstormUITests" */;
			buildPhases = (
				E94F5A1A224AE709001C4A4C /* Sources */,
				E94F5A1B224AE709001C4A4C /* Frameworks */,
				E94F5A1C224AE709001C4A4C /* Resources */,
			);
			buildRules = (
			);
			dependencies = (
				E94F5A20224AE709001C4A4C /* PBXTargetDependency */,
			);
			name = RainstormUITests;
			productName = RainstormUITests;
			productReference = E94F5A1E224AE709001C4A4C /* RainstormUITests.xctest */;
			productType = "com.apple.product-type.bundle.ui-testing";
		};
/* End PBXNativeTarget section */

/* Begin PBXProject section */
		E94F59F4224AE707001C4A4C /* Project object */ = {
			isa = PBXProject;
			attributes = {
				LastSwiftUpdateCheck = 1020;
				LastUpgradeCheck = 1020;
				ORGANIZATIONNAME = "Jack Terry";
				TargetAttributes = {
					E94F59FB224AE707001C4A4C = {
						CreatedOnToolsVersion = 10.2;
					};
					E94F5A12224AE709001C4A4C = {
						CreatedOnToolsVersion = 10.2;
						TestTargetID = E94F59FB224AE707001C4A4C;
					};
					E94F5A1D224AE709001C4A4C = {
						CreatedOnToolsVersion = 10.2;
						TestTargetID = E94F59FB224AE707001C4A4C;
					};
				};
			};
			buildConfigurationList = E94F59F7224AE707001C4A4C /* Build configuration list for PBXProject "Rainstorm" */;
			compatibilityVersion = "Xcode 9.3";
			developmentRegion = en;
			hasScannedForEncodings = 0;
			knownRegions = (
				en,
				Base,
			);
			mainGroup = E94F59F3224AE707001C4A4C;
			productRefGroup = E94F59FD224AE707001C4A4C /* Products */;
			projectDirPath = "";
			projectRoot = "";
			targets = (
				E94F59FB224AE707001C4A4C /* Rainstorm */,
				E94F5A12224AE709001C4A4C /* RainstormTests */,
				E94F5A1D224AE709001C4A4C /* RainstormUITests */,
			);
		};
/* End PBXProject section */

/* Begin PBXResourcesBuildPhase section */
		E94F59FA224AE707001C4A4C /* Resources */ = {
			isa = PBXResourcesBuildPhase;
			buildActionMask = 2147483647;
			files = (
				E94F5A0D224AE709001C4A4C /* LaunchScreen.storyboard in Resources */,
				E94F5A0A224AE709001C4A4C /* Assets.xcassets in Resources */,
				E94F5A05224AE707001C4A4C /* Main.storyboard in Resources */,
			);
			runOnlyForDeploymentPostprocessing = 0;
		};
		E94F5A11224AE709001C4A4C /* Resources */ = {
			isa = PBXResourcesBuildPhase;
			buildActionMask = 2147483647;
			files = (
			);
			runOnlyForDeploymentPostprocessing = 0;
		};
		E94F5A1C224AE709001C4A4C /* Resources */ = {
			isa = PBXResourcesBuildPhase;
			buildActionMask = 2147483647;
			files = (
			);
			runOnlyForDeploymentPostprocessing = 0;
		};
/* End PBXResourcesBuildPhase section */

/* Begin PBXSourcesBuildPhase section */
		E94F59F8224AE707001C4A4C /* Sources */ = {
			isa = PBXSourcesBuildPhase;
			buildActionMask = 2147483647;
			files = (
				E9F2AE69224AFD580049BF06 /* UIStoryboard.swift in Sources */,
				E94F5A02224AE707001C4A4C /* RootViewController.swift in Sources */,
				E94F5A00224AE707001C4A4C /* AppDelegate.swift in Sources */,
				E9F2AE64224AFBAB0049BF06 /* WeekViewController.swift in Sources */,
				E9F2AE61224AFB080049BF06 /* DayViewController.swift in Sources */,
				E9F2AE67224AFCB00049BF06 /* UIViewController.swift in Sources */,
			);
			runOnlyForDeploymentPostprocessing = 0;
		};
		E94F5A0F224AE709001C4A4C /* Sources */ = {
			isa = PBXSourcesBuildPhase;
			buildActionMask = 2147483647;
			files = (
				E94F5A18224AE709001C4A4C /* RainstormTests.swift in Sources */,
			);
			runOnlyForDeploymentPostprocessing = 0;
		};
		E94F5A1A224AE709001C4A4C /* Sources */ = {
			isa = PBXSourcesBuildPhase;
			buildActionMask = 2147483647;
			files = (
				E94F5A23224AE709001C4A4C /* RainstormUITests.swift in Sources */,
			);
			runOnlyForDeploymentPostprocessing = 0;
		};
/* End PBXSourcesBuildPhase section */

/* Begin PBXTargetDependency section */
		E94F5A15224AE709001C4A4C /* PBXTargetDependency */ = {
			isa = PBXTargetDependency;
			target = E94F59FB224AE707001C4A4C /* Rainstorm */;
			targetProxy = E94F5A14224AE709001C4A4C /* PBXContainerItemProxy */;
		};
		E94F5A20224AE709001C4A4C /* PBXTargetDependency */ = {
			isa = PBXTargetDependency;
			target = E94F59FB224AE707001C4A4C /* Rainstorm */;
			targetProxy = E94F5A1F224AE709001C4A4C /* PBXContainerItemProxy */;
		};
/* End PBXTargetDependency section */

/* Begin PBXVariantGroup section */
		E94F5A03224AE707001C4A4C /* Main.storyboard */ = {
			isa = PBXVariantGroup;
			children = (
				E94F5A04224AE707001C4A4C /* Base */,
			);
			name = Main.storyboard;
			sourceTree = "<group>";
		};
		E94F5A0B224AE709001C4A4C /* LaunchScreen.storyboard */ = {
			isa = PBXVariantGroup;
			children = (
				E94F5A0C224AE709001C4A4C /* Base */,
			);
			name = LaunchScreen.storyboard;
			sourceTree = "<group>";
		};
/* End PBXVariantGroup section */

/* Begin XCBuildConfiguration section */
		E94F5A25224AE709001C4A4C /* Debug */ = {
			isa = XCBuildConfiguration;
			buildSettings = {
				ALWAYS_SEARCH_USER_PATHS = NO;
				CLANG_ANALYZER_NONNULL = YES;
				CLANG_ANALYZER_NUMBER_OBJECT_CONVERSION = YES_AGGRESSIVE;
				CLANG_CXX_LANGUAGE_STANDARD = "gnu++14";
				CLANG_CXX_LIBRARY = "libc++";
				CLANG_ENABLE_MODULES = YES;
				CLANG_ENABLE_OBJC_ARC = YES;
				CLANG_ENABLE_OBJC_WEAK = YES;
				CLANG_WARN_BLOCK_CAPTURE_AUTORELEASING = YES;
				CLANG_WARN_BOOL_CONVERSION = YES;
				CLANG_WARN_COMMA = YES;
				CLANG_WARN_CONSTANT_CONVERSION = YES;
				CLANG_WARN_DEPRECATED_OBJC_IMPLEMENTATIONS = YES;
				CLANG_WARN_DIRECT_OBJC_ISA_USAGE = YES_ERROR;
				CLANG_WARN_DOCUMENTATION_COMMENTS = YES;
				CLANG_WARN_EMPTY_BODY = YES;
				CLANG_WARN_ENUM_CONVERSION = YES;
				CLANG_WARN_INFINITE_RECURSION = YES;
				CLANG_WARN_INT_CONVERSION = YES;
				CLANG_WARN_NON_LITERAL_NULL_CONVERSION = YES;
				CLANG_WARN_OBJC_IMPLICIT_RETAIN_SELF = YES;
				CLANG_WARN_OBJC_LITERAL_CONVERSION = YES;
				CLANG_WARN_OBJC_ROOT_CLASS = YES_ERROR;
				CLANG_WARN_RANGE_LOOP_ANALYSIS = YES;
				CLANG_WARN_STRICT_PROTOTYPES = YES;
				CLANG_WARN_SUSPICIOUS_MOVE = YES;
				CLANG_WARN_UNGUARDED_AVAILABILITY = YES_AGGRESSIVE;
				CLANG_WARN_UNREACHABLE_CODE = YES;
				CLANG_WARN__DUPLICATE_METHOD_MATCH = YES;
				CODE_SIGN_IDENTITY = "iPhone Developer";
				COPY_PHASE_STRIP = NO;
				DEBUG_INFORMATION_FORMAT = dwarf;
				ENABLE_STRICT_OBJC_MSGSEND = YES;
				ENABLE_TESTABILITY = YES;
				GCC_C_LANGUAGE_STANDARD = gnu11;
				GCC_DYNAMIC_NO_PIC = NO;
				GCC_NO_COMMON_BLOCKS = YES;
				GCC_OPTIMIZATION_LEVEL = 0;
				GCC_PREPROCESSOR_DEFINITIONS = (
					"DEBUG=1",
					"$(inherited)",
				);
				GCC_WARN_64_TO_32_BIT_CONVERSION = YES;
				GCC_WARN_ABOUT_RETURN_TYPE = YES_ERROR;
				GCC_WARN_UNDECLARED_SELECTOR = YES;
				GCC_WARN_UNINITIALIZED_AUTOS = YES_AGGRESSIVE;
				GCC_WARN_UNUSED_FUNCTION = YES;
				GCC_WARN_UNUSED_VARIABLE = YES;
				IPHONEOS_DEPLOYMENT_TARGET = 12.2;
				MTL_ENABLE_DEBUG_INFO = INCLUDE_SOURCE;
				MTL_FAST_MATH = YES;
				ONLY_ACTIVE_ARCH = YES;
				SDKROOT = iphoneos;
				SWIFT_ACTIVE_COMPILATION_CONDITIONS = DEBUG;
				SWIFT_OPTIMIZATION_LEVEL = "-Onone";
			};
			name = Debug;
		};
		E94F5A26224AE709001C4A4C /* Release */ = {
			isa = XCBuildConfiguration;
			buildSettings = {
				ALWAYS_SEARCH_USER_PATHS = NO;
				CLANG_ANALYZER_NONNULL = YES;
				CLANG_ANALYZER_NUMBER_OBJECT_CONVERSION = YES_AGGRESSIVE;
				CLANG_CXX_LANGUAGE_STANDARD = "gnu++14";
				CLANG_CXX_LIBRARY = "libc++";
				CLANG_ENABLE_MODULES = YES;
				CLANG_ENABLE_OBJC_ARC = YES;
				CLANG_ENABLE_OBJC_WEAK = YES;
				CLANG_WARN_BLOCK_CAPTURE_AUTORELEASING = YES;
				CLANG_WARN_BOOL_CONVERSION = YES;
				CLANG_WARN_COMMA = YES;
				CLANG_WARN_CONSTANT_CONVERSION = YES;
				CLANG_WARN_DEPRECATED_OBJC_IMPLEMENTATIONS = YES;
				CLANG_WARN_DIRECT_OBJC_ISA_USAGE = YES_ERROR;
				CLANG_WARN_DOCUMENTATION_COMMENTS = YES;
				CLANG_WARN_EMPTY_BODY = YES;
				CLANG_WARN_ENUM_CONVERSION = YES;
				CLANG_WARN_INFINITE_RECURSION = YES;
				CLANG_WARN_INT_CONVERSION = YES;
				CLANG_WARN_NON_LITERAL_NULL_CONVERSION = YES;
				CLANG_WARN_OBJC_IMPLICIT_RETAIN_SELF = YES;
				CLANG_WARN_OBJC_LITERAL_CONVERSION = YES;
				CLANG_WARN_OBJC_ROOT_CLASS = YES_ERROR;
				CLANG_WARN_RANGE_LOOP_ANALYSIS = YES;
				CLANG_WARN_STRICT_PROTOTYPES = YES;
				CLANG_WARN_SUSPICIOUS_MOVE = YES;
				CLANG_WARN_UNGUARDED_AVAILABILITY = YES_AGGRESSIVE;
				CLANG_WARN_UNREACHABLE_CODE = YES;
				CLANG_WARN__DUPLICATE_METHOD_MATCH = YES;
				CODE_SIGN_IDENTITY = "iPhone Developer";
				COPY_PHASE_STRIP = NO;
				DEBUG_INFORMATION_FORMAT = "dwarf-with-dsym";
				ENABLE_NS_ASSERTIONS = NO;
				ENABLE_STRICT_OBJC_MSGSEND = YES;
				GCC_C_LANGUAGE_STANDARD = gnu11;
				GCC_NO_COMMON_BLOCKS = YES;
				GCC_WARN_64_TO_32_BIT_CONVERSION = YES;
				GCC_WARN_ABOUT_RETURN_TYPE = YES_ERROR;
				GCC_WARN_UNDECLARED_SELECTOR = YES;
				GCC_WARN_UNINITIALIZED_AUTOS = YES_AGGRESSIVE;
				GCC_WARN_UNUSED_FUNCTION = YES;
				GCC_WARN_UNUSED_VARIABLE = YES;
				IPHONEOS_DEPLOYMENT_TARGET = 12.2;
				MTL_ENABLE_DEBUG_INFO = NO;
				MTL_FAST_MATH = YES;
				SDKROOT = iphoneos;
				SWIFT_COMPILATION_MODE = wholemodule;
				SWIFT_OPTIMIZATION_LEVEL = "-O";
				VALIDATE_PRODUCT = YES;
			};
			name = Release;
		};
		E94F5A28224AE709001C4A4C /* Debug */ = {
			isa = XCBuildConfiguration;
			buildSettings = {
				ASSETCATALOG_COMPILER_APPICON_NAME = AppIcon;
				CODE_SIGN_STYLE = Automatic;
				DEVELOPMENT_TEAM = 7BG2W3DEBQ;
				INFOPLIST_FILE = "$(SRCROOT)/Rainstorm/Supporting Files/Info.plist";
				LD_RUNPATH_SEARCH_PATHS = (
					"$(inherited)",
					"@executable_path/Frameworks",
				);
				PRODUCT_BUNDLE_IDENTIFIER = com.JackTerry.Rainstorm;
				PRODUCT_NAME = "$(TARGET_NAME)";
				SWIFT_VERSION = 5.0;
				TARGETED_DEVICE_FAMILY = 1;
			};
			name = Debug;
		};
		E94F5A29224AE709001C4A4C /* Release */ = {
			isa = XCBuildConfiguration;
			buildSettings = {
				ASSETCATALOG_COMPILER_APPICON_NAME = AppIcon;
				CODE_SIGN_STYLE = Automatic;
				DEVELOPMENT_TEAM = 7BG2W3DEBQ;
				INFOPLIST_FILE = "$(SRCROOT)/Rainstorm/Supporting Files/Info.plist";
				LD_RUNPATH_SEARCH_PATHS = (
					"$(inherited)",
					"@executable_path/Frameworks",
				);
				PRODUCT_BUNDLE_IDENTIFIER = com.JackTerry.Rainstorm;
				PRODUCT_NAME = "$(TARGET_NAME)";
				SWIFT_VERSION = 5.0;
				TARGETED_DEVICE_FAMILY = 1;
			};
			name = Release;
		};
		E94F5A2B224AE709001C4A4C /* Debug */ = {
			isa = XCBuildConfiguration;
			buildSettings = {
				ALWAYS_EMBED_SWIFT_STANDARD_LIBRARIES = YES;
				BUNDLE_LOADER = "$(TEST_HOST)";
				CODE_SIGN_STYLE = Automatic;
				DEVELOPMENT_TEAM = 7BG2W3DEBQ;
				INFOPLIST_FILE = RainstormTests/Info.plist;
				LD_RUNPATH_SEARCH_PATHS = (
					"$(inherited)",
					"@executable_path/Frameworks",
					"@loader_path/Frameworks",
				);
				PRODUCT_BUNDLE_IDENTIFIER = com.JackTerry.RainstormTests;
				PRODUCT_NAME = "$(TARGET_NAME)";
				SWIFT_VERSION = 5.0;
				TARGETED_DEVICE_FAMILY = "1,2";
				TEST_HOST = "$(BUILT_PRODUCTS_DIR)/Rainstorm.app/Rainstorm";
			};
			name = Debug;
		};
		E94F5A2C224AE709001C4A4C /* Release */ = {
			isa = XCBuildConfiguration;
			buildSettings = {
				ALWAYS_EMBED_SWIFT_STANDARD_LIBRARIES = YES;
				BUNDLE_LOADER = "$(TEST_HOST)";
				CODE_SIGN_STYLE = Automatic;
				DEVELOPMENT_TEAM = 7BG2W3DEBQ;
				INFOPLIST_FILE = RainstormTests/Info.plist;
				LD_RUNPATH_SEARCH_PATHS = (
					"$(inherited)",
					"@executable_path/Frameworks",
					"@loader_path/Frameworks",
				);
				PRODUCT_BUNDLE_IDENTIFIER = com.JackTerry.RainstormTests;
				PRODUCT_NAME = "$(TARGET_NAME)";
				SWIFT_VERSION = 5.0;
				TARGETED_DEVICE_FAMILY = "1,2";
				TEST_HOST = "$(BUILT_PRODUCTS_DIR)/Rainstorm.app/Rainstorm";
			};
			name = Release;
		};
		E94F5A2E224AE709001C4A4C /* Debug */ = {
			isa = XCBuildConfiguration;
			buildSettings = {
				ALWAYS_EMBED_SWIFT_STANDARD_LIBRARIES = YES;
				CODE_SIGN_STYLE = Automatic;
				DEVELOPMENT_TEAM = 7BG2W3DEBQ;
				INFOPLIST_FILE = RainstormUITests/Info.plist;
				LD_RUNPATH_SEARCH_PATHS = (
					"$(inherited)",
					"@executable_path/Frameworks",
					"@loader_path/Frameworks",
				);
				PRODUCT_BUNDLE_IDENTIFIER = com.JackTerry.RainstormUITests;
				PRODUCT_NAME = "$(TARGET_NAME)";
				SWIFT_VERSION = 5.0;
				TARGETED_DEVICE_FAMILY = "1,2";
				TEST_TARGET_NAME = Rainstorm;
			};
			name = Debug;
		};
		E94F5A2F224AE709001C4A4C /* Release */ = {
			isa = XCBuildConfiguration;
			buildSettings = {
				ALWAYS_EMBED_SWIFT_STANDARD_LIBRARIES = YES;
				CODE_SIGN_STYLE = Automatic;
				DEVELOPMENT_TEAM = 7BG2W3DEBQ;
				INFOPLIST_FILE = RainstormUITests/Info.plist;
				LD_RUNPATH_SEARCH_PATHS = (
					"$(inherited)",
					"@executable_path/Frameworks",
					"@loader_path/Frameworks",
				);
				PRODUCT_BUNDLE_IDENTIFIER = com.JackTerry.RainstormUITests;
				PRODUCT_NAME = "$(TARGET_NAME)";
				SWIFT_VERSION = 5.0;
				TARGETED_DEVICE_FAMILY = "1,2";
				TEST_TARGET_NAME = Rainstorm;
			};
			name = Release;
		};
/* End XCBuildConfiguration section */

/* Begin XCConfigurationList section */
		E94F59F7224AE707001C4A4C /* Build configuration list for PBXProject "Rainstorm" */ = {
			isa = XCConfigurationList;
			buildConfigurations = (
				E94F5A25224AE709001C4A4C /* Debug */,
				E94F5A26224AE709001C4A4C /* Release */,
			);
			defaultConfigurationIsVisible = 0;
			defaultConfigurationName = Release;
		};
		E94F5A27224AE709001C4A4C /* Build configuration list for PBXNativeTarget "Rainstorm" */ = {
			isa = XCConfigurationList;
			buildConfigurations = (
				E94F5A28224AE709001C4A4C /* Debug */,
				E94F5A29224AE709001C4A4C /* Release */,
			);
			defaultConfigurationIsVisible = 0;
			defaultConfigurationName = Release;
		};
		E94F5A2A224AE709001C4A4C /* Build configuration list for PBXNativeTarget "RainstormTests" */ = {
			isa = XCConfigurationList;
			buildConfigurations = (
				E94F5A2B224AE709001C4A4C /* Debug */,
				E94F5A2C224AE709001C4A4C /* Release */,
			);
			defaultConfigurationIsVisible = 0;
			defaultConfigurationName = Release;
		};
		E94F5A2D224AE709001C4A4C /* Build configuration list for PBXNativeTarget "RainstormUITests" */ = {
			isa = XCConfigurationList;
			buildConfigurations = (
				E94F5A2E224AE709001C4A4C /* Debug */,
				E94F5A2F224AE709001C4A4C /* Release */,
			);
			defaultConfigurationIsVisible = 0;
			defaultConfigurationName = Release;
		};
/* End XCConfigurationList section */
	};
	rootObject = E94F59F4224AE707001C4A4C /* Project object */;
}
